
Microsoft Visual Studio Solution File, Format Version 12.00
# Visual Studio 15
VisualStudioVersion = 15.0.27703.2035
MinimumVisualStudioVersion = 10.0.40219.1
Project("{FAE04EC0-301F-11D3-BF4B-00C04F79EFBC}") = "PC_AIDA64", "PC_AIDA64\PC_AIDA64.csproj", "{2AE465A3-6127-457E-81F0-FD4FF94AD674}"
EndProject
Global
	GlobalSection(SolutionConfigurationPlatforms) = preSolution
		Debug|Any CPU = Debug|Any CPU
		Release|Any CPU = Release|Any CPU
	EndGlobalSection
	GlobalSection(ProjectConfigurationPlatforms) = postSolution
		{2AE465A3-6127-457E-81F0-FD4FF94AD674}.Debug|Any CPU.ActiveCfg = Debug|Any CPU
		{2AE465A3-6127-457E-81F0-FD4FF94AD674}.Debug|Any CPU.Build.0 = Debug|Any CPU
		{2AE465A3-6127-457E-81F0-FD4FF94AD674}.Release|Any CPU.ActiveCfg = Release|Any CPU
		{2AE465A3-6127-457E-81F0-FD4FF94AD674}.Release|Any CPU.Build.0 = Release|Any CPU
	EndGlobalSection
	GlobalSection(SolutionProperties) = preSolution
		HideSolutionNode = FALSE
	EndGlobalSection
	GlobalSection(ExtensibilityGlobals) = postSolution
		SolutionGuid = {FCBFE318-E98F-4115-BA7A-CA4B6E7D02DF}
	EndGlobalSection
EndGlobal
